{
  "name": "street-view",
  "lockfileVersion": 2,
  "requires": true,
  "packages": {
    "": {
      "name": "street-view",
      "hasInstallScript": true,
      "devDependencies": {
        "@meteocons/svg": "^0.1.0"
      }
    },
    "node_modules/@meteocons/svg": {
      "version": "0.1.0",
      "resolved": "https://registry.npmjs.org/@meteocons/svg/-/svg-0.1.0.tgz",
      "integrity": "sha512-Z/40RR6YzIjdN8qLUzRcZDaEYHfekU5rnHTH45EDVZQF1NyldIRpiFprcUKduIv4VK0kd6Uy+OOya4NWwuc2Bg==",
      "dev": true
    }
  },
  "dependencies": {
    "@meteocons/svg": {
      "version": "0.1.0",
      "resolved": "https://registry.npmjs.org/@meteocons/svg/-/svg-0.1.0.tgz",
      "integrity": "sha512-Z/40RR6YzIjdN8qLUzRcZDaEYHfekU5rnHTH45EDVZQF1NyldIRpiFprcUKduIv4VK0kd6Uy+OOya4NWwuc2Bg==",
      "dev": true
    }
  }
}
